// !$*UTF8*$!
{
	archiveVersion = 1;
	classes = {
	};
	objectVersion = 46;
	objects = {

/* Begin PBXBuildFile section */
		B90C69121BA1D66D00192C7D /* AppDelegate.swift in Sources */ = {isa = PBXBuildFile; fileRef = B90C69111BA1D66D00192C7D /* AppDelegate.swift */; };
		B90C69141BA1D66D00192C7D /* ViewController.swift in Sources */ = {isa = PBXBuildFile; fileRef = B90C69131BA1D66D00192C7D /* ViewController.swift */; };
		B90C69171BA1D66D00192C7D /* Main.storyboard in Resources */ = {isa = PBXBuildFile; fileRef = B90C69151BA1D66D00192C7D /* Main.storyboard */; };
		B90C69191BA1D66D00192C7D /* Images.xcassets in Resources */ = {isa = PBXBuildFile; fileRef = B90C69181BA1D66D00192C7D /* Images.xcassets */; };
		B90C691C1BA1D66D00192C7D /* LaunchScreen.xib in Resources */ = {isa = PBXBuildFile; fileRef = B90C691A1BA1D66D00192C7D /* LaunchScreen.xib */; };
		B90C69281BA1D66E00192C7D /* SuperDivertidoTests.swift in Sources */ = {isa = PBXBuildFile; fileRef = B90C69271BA1D66E00192C7D /* SuperDivertidoTests.swift */; };
		B90C69321BA1E5A000192C7D /* Fun-App.png in Resources */ = {isa = PBXBuildFile; fileRef = B90C69311BA1E5A000192C7D /* Fun-App.png */; };
		B90C69341BA1EEC300192C7D /* 22800-NU4085.jpg in Resources */ = {isa = PBXBuildFile; fileRef = B90C69331BA1EEC300192C7D /* 22800-NU4085.jpg */; };
/* End PBXBuildFile section */

/* Begin PBXContainerItemProxy section */
		B90C69221BA1D66E00192C7D /* PBXContainerItemProxy */ = {
			isa = PBXContainerItemProxy;
			containerPortal = B90C69041BA1D66D00192C7D /* Project object */;
			proxyType = 1;
			remoteGlobalIDString = B90C690B1BA1D66D00192C7D;
			remoteInfo = SuperDivertido;
		};
/* End PBXContainerItemProxy section */

/* Begin PBXFileReference section */
		B90C690C1BA1D66D00192C7D /* SuperDivertido.app */ = {isa = PBXFileReference; explicitFileType = wrapper.application; includeInIndex = 0; path = SuperDivertido.app; sourceTree = BUILT_PRODUCTS_DIR; };
		B90C69101BA1D66D00192C7D /* Info.plist */ = {isa = PBXFileReference; lastKnownFileType = text.plist.xml; path = Info.plist; sourceTree = "<group>"; };
		B90C69111BA1D66D00192C7D /* AppDelegate.swift */ = {isa = PBXFileReference; lastKnownFileType = sourcecode.swift; path = AppDelegate.swift; sourceTree = "<group>"; };
		B90C69131BA1D66D00192C7D /* ViewController.swift */ = {isa = PBXFileReference; lastKnownFileType = sourcecode.swift; path = ViewController.swift; sourceTree = "<group>"; };
		B90C69161BA1D66D00192C7D /* Base */ = {isa = PBXFileReference; lastKnownFileType = file.storyboard; name = Base; path = Base.lproj/Main.storyboard; sourceTree = "<group>"; };
		B90C69181BA1D66D00192C7D /* Images.xcassets */ = {isa = PBXFileReference; lastKnownFileType = folder.assetcatalog; path = Images.xcassets; sourceTree = "<group>"; };
		B90C691B1BA1D66D00192C7D /* Base */ = {isa = PBXFileReference; lastKnownFileType = file.xib; name = Base; path = Base.lproj/LaunchScreen.xib; sourceTree = "<group>"; };
		B90C69211BA1D66E00192C7D /* SuperDivertidoTests.xctest */ = {isa = PBXFileReference; explicitFileType = wrapper.cfbundle; includeInIndex = 0; path = SuperDivertidoTests.xctest; sourceTree = BUILT_PRODUCTS_DIR; };
		B90C69261BA1D66E00192C7D /* Info.plist */ = {isa = PBXFileReference; lastKnownFileType = text.plist.xml; path = Info.plist; sourceTree = "<group>"; };
		B90C69271BA1D66E00192C7D /* SuperDivertidoTests.swift */ = {isa = PBXFileReference; lastKnownFileType = sourcecode.swift; path = SuperDivertidoTests.swift; sourceTree = "<group>"; };
		B90C69311BA1E5A000192C7D /* Fun-App.png */ = {isa = PBXFileReference; lastKnownFileType = image.png; path = "Fun-App.png"; sourceTree = "<group>"; };
		B90C69331BA1EEC300192C7D /* 22800-NU4085.jpg */ = {isa = PBXFileReference; lastKnownFileType = image.jpeg; path = "22800-NU4085.jpg"; sourceTree = "<group>"; };
		B90C69371BA20C3800192C7D /* en */ = {isa = PBXFileReference; lastKnownFileType = file.storyboard; name = en; path = en.lproj/Main.storyboard; sourceTree = "<group>"; };
/* End PBXFileReference section */

/* Begin PBXFrameworksBuildPhase section */
		B90C69091BA1D66D00192C7D /* Frameworks */ = {
			isa = PBXFrameworksBuildPhase;
			buildActionMask = 2147483647;
			files = (
			);
			runOnlyForDeploymentPostprocessing = 0;
		};
		B90C691E1BA1D66E00192C7D /* Frameworks */ = {
			isa = PBXFrameworksBuildPhase;
			buildActionMask = 2147483647;
			files = (
			);
			runOnlyForDeploymentPostprocessing = 0;
		};
/* End PBXFrameworksBuildPhase section */

/* Begin PBXGroup section */
		B90C69031BA1D66D00192C7D = {
			isa = PBXGroup;
			children = (
				B90C690E1BA1D66D00192C7D /* SuperDivertido */,
				B90C69241BA1D66E00192C7D /* SuperDivertidoTests */,
				B90C690D1BA1D66D00192C7D /* Products */,
			);
			sourceTree = "<group>";
		};
		B90C690D1BA1D66D00192C7D /* Products */ = {
			isa = PBXGroup;
			children = (
				B90C690C1BA1D66D00192C7D /* SuperDivertido.app */,
				B90C69211BA1D66E00192C7D /* SuperDivertidoTests.xctest */,
			);
			name = Products;
			sourceTree = "<group>";
		};
		B90C690E1BA1D66D00192C7D /* SuperDivertido */ = {
			isa = PBXGroup;
			children = (
				B90C69111BA1D66D00192C7D /* AppDelegate.swift */,
				B90C69131BA1D66D00192C7D /* ViewController.swift */,
				B90C69151BA1D66D00192C7D /* Main.storyboard */,
				B90C69181BA1D66D00192C7D /* Images.xcassets */,
				B90C69331BA1EEC300192C7D /* 22800-NU4085.jpg */,
				B90C69311BA1E5A000192C7D /* Fun-App.png */,
				B90C691A1BA1D66D00192C7D /* LaunchScreen.xib */,
				B90C690F1BA1D66D00192C7D /* Supporting Files */,
			);
			path = SuperDivertido;
			sourceTree = "<group>";
		};
		B90C690F1BA1D66D00192C7D /* Supporting Files */ = {
			isa = PBXGroup;
			children = (
				B90C69101BA1D66D00192C7D /* Info.plist */,
			);
			name = "Supporting Files";
			sourceTree = "<group>";
		};
		B90C69241BA1D66E00192C7D /* SuperDivertidoTests */ = {
			isa = PBXGroup;
			children = (
				B90C69271BA1D66E00192C7D /* SuperDivertidoTests.swift */,
				B90C69251BA1D66E00192C7D /* Supporting Files */,
			);
			path = SuperDivertidoTests;
			sourceTree = "<group>";
		};
		B90C69251BA1D66E00192C7D /* Supporting Files */ = {
			isa = PBXGroup;
			children = (
				B90C69261BA1D66E00192C7D /* Info.plist */,
			);
			name = "Supporting Files";
			sourceTree = "<group>";
		};
/* End PBXGroup section */

/* Begin PBXNativeTarget section */
		B90C690B1BA1D66D00192C7D /* SuperDivertido */ = {
			isa = PBXNativeTarget;
			buildConfigurationList = B90C692B1BA1D66E00192C7D /* Build configuration list for PBXNativeTarget "SuperDivertido" */;
			buildPhases = (
				B90C69081BA1D66D00192C7D /* Sources */,
				B90C69091BA1D66D00192C7D /* Frameworks */,
				B90C690A1BA1D66D00192C7D /* Resources */,
			);
			buildRules = (
			);
			dependencies = (
			);
			name = SuperDivertido;
			productName = SuperDivertido;
			productReference = B90C690C1BA1D66D00192C7D /* SuperDivertido.app */;
			productType = "com.apple.product-type.application";
		};
		B90C69201BA1D66E00192C7D /* SuperDivertidoTests */ = {
			isa = PBXNativeTarget;
			buildConfigurationList = B90C692E1BA1D66E00192C7D /* Build configuration list for PBXNativeTarget "SuperDivertidoTests" */;
			buildPhases = (
				B90C691D1BA1D66E00192C7D /* Sources */,
				B90C691E1BA1D66E00192C7D /* Frameworks */,
				B90C691F1BA1D66E00192C7D /* Resources */,
			);
			buildRules = (
			);
			dependencies = (
				B90C69231BA1D66E00192C7D /* PBXTargetDependency */,
			);
			name = SuperDivertidoTests;
			productName = SuperDivertidoTests;
			productReference = B90C69211BA1D66E00192C7D /* SuperDivertidoTests.xctest */;
			productType = "com.apple.product-type.bundle.unit-test";
		};
/* End PBXNativeTarget section */

/* Begin PBXProject section */
		B90C69041BA1D66D00192C7D /* Project object */ = {
			isa = PBXProject;
			attributes = {
				LastUpgradeCheck = 0640;
				ORGANIZATIONNAME = JuanMorillios;
				TargetAttributes = {
					B90C690B1BA1D66D00192C7D = {
						CreatedOnToolsVersion = 6.4;
					};
					B90C69201BA1D66E00192C7D = {
						CreatedOnToolsVersion = 6.4;
						TestTargetID = B90C690B1BA1D66D00192C7D;
					};
				};
			};
			buildConfigurationList = B90C69071BA1D66D00192C7D /* Build configuration list for PBXProject "SuperDivertido" */;
			compatibilityVersion = "Xcode 3.2";
			developmentRegion = English;
			hasScannedForEncodings = 0;
			knownRegions = (
				en,
				Base,
			);
			mainGroup = B90C69031BA1D66D00192C7D;
			productRefGroup = B90C690D1BA1D66D00192C7D /* Products */;
			projectDirPath = "";
			projectRoot = "";
			targets = (
				B90C690B1BA1D66D00192C7D /* SuperDivertido */,
				B90C69201BA1D66E00192C7D /* SuperDivertidoTests */,
			);
		};
/* End PBXProject section */

/* Begin PBXResourcesBuildPhase section */
		B90C690A1BA1D66D00192C7D /* Resources */ = {
			isa = PBXResourcesBuildPhase;
			buildActionMask = 2147483647;
			files = (
				B90C69341BA1EEC300192C7D /* 22800-NU4085.jpg in Resources */,
				B90C69171BA1D66D00192C7D /* Main.storyboard in Resources */,
				B90C69321BA1E5A000192C7D /* Fun-App.png in Resources */,
				B90C691C1BA1D66D00192C7D /* LaunchScreen.xib in Resources */,
				B90C69191BA1D66D00192C7D /* Images.xcassets in Resources */,
			);
			runOnlyForDeploymentPostprocessing = 0;
		};
		B90C691F1BA1D66E00192C7D /* Resources */ = {
			isa = PBXResourcesBuildPhase;
			buildActionMask = 2147483647;
			files = (
			);
			runOnlyForDeploymentPostprocessing = 0;
		};
/* End PBXResourcesBuildPhase section */

/* Begin PBXSourcesBuildPhase section */
		B90C69081BA1D66D00192C7D /* Sources */ = {
			isa = PBXSourcesBuildPhase;
			buildActionMask = 2147483647;
			files = (
				B90C69141BA1D66D00192C7D /* ViewController.swift in Sources */,
				B90C69121BA1D66D00192C7D /* AppDelegate.swift in Sources */,
			);
			runOnlyForDeploymentPostprocessing = 0;
		};
		B90C691D1BA1D66E00192C7D /* Sources */ = {
			isa = PBXSourcesBuildPhase;
			buildActionMask = 2147483647;
			files = (
				B90C69281BA1D66E00192C7D /* SuperDivertidoTests.swift in Sources */,
			);
			runOnlyForDeploymentPostprocessing = 0;
		};
/* End PBXSourcesBuildPhase section */

/* Begin PBXTargetDependency section */
		B90C69231BA1D66E00192C7D /* PBXTargetDependency */ = {
			isa = PBXTargetDependency;
			target = B90C690B1BA1D66D00192C7D /* SuperDivertido */;
			targetProxy = B90C69221BA1D66E00192C7D /* PBXContainerItemProxy */;
		};
/* End PBXTargetDependency section */

/* Begin PBXVariantGroup section */
		B90C69151BA1D66D00192C7D /* Main.storyboard */ = {
			isa = PBXVariantGroup;
			children = (
				B90C69161BA1D66D00192C7D /* Base */,
				B90C69371BA20C3800192C7D /* en */,
			);
			name = Main.storyboard;
			sourceTree = "<group>";
		};
		B90C691A1BA1D66D00192C7D /* LaunchScreen.xib */ = {
			isa = PBXVariantGroup;
			children = (
				B90C691B1BA1D66D00192C7D /* Base */,
			);
			name = LaunchScreen.xib;
			sourceTree = "<group>";
		};
/* End PBXVariantGroup section */

/* Begin XCBuildConfiguration section */
		B90C69291BA1D66E00192C7D /* Debug */ = {
			isa = XCBuildConfiguration;
			buildSettings = {
				ALWAYS_SEARCH_USER_PATHS = NO;
				CLANG_CXX_LANGUAGE_STANDARD = "gnu++0x";
				CLANG_CXX_LIBRARY = "libc++";
				CLANG_ENABLE_MODULES = YES;
				CLANG_ENABLE_OBJC_ARC = YES;
				CLANG_WARN_BOOL_CONVERSION = YES;
				CLANG_WARN_CONSTANT_CONVERSION = YES;
				CLANG_WARN_DIRECT_OBJC_ISA_USAGE = YES_ERROR;
				CLANG_WARN_EMPTY_BODY = YES;
				CLANG_WARN_ENUM_CONVERSION = YES;
				CLANG_WARN_INT_CONVERSION = YES;
				CLANG_WARN_OBJC_ROOT_CLASS = YES_ERROR;
				CLANG_WARN_UNREACHABLE_CODE = YES;
				CLANG_WARN__DUPLICATE_METHOD_MATCH = YES;
				"CODE_SIGN_IDENTITY[sdk=iphoneos*]" = "iPhone Developer";
				COPY_PHASE_STRIP = NO;
				DEBUG_INFORMATION_FORMAT = "dwarf-with-dsym";
				ENABLE_STRICT_OBJC_MSGSEND = YES;
				GCC_C_LANGUAGE_STANDARD = gnu99;
				GCC_DYNAMIC_NO_PIC = NO;
				GCC_NO_COMMON_BLOCKS = YES;
				GCC_OPTIMIZATION_LEVEL = 0;
				GCC_PREPROCESSOR_DEFINITIONS = (
					"DEBUG=1",
					"$(inherited)",
				);
				GCC_SYMBOLS_PRIVATE_EXTERN = NO;
				GCC_WARN_64_TO_32_BIT_CONVERSION = YES;
				GCC_WARN_ABOUT_RETURN_TYPE = YES_ERROR;
				GCC_WARN_UNDECLARED_SELECTOR = YES;
				GCC_WARN_UNINITIALIZED_AUTOS = YES_AGGRESSIVE;
				GCC_WARN_UNUSED_FUNCTION = YES;
				GCC_WARN_UNUSED_VARIABLE = YES;
				IPHONEOS_DEPLOYMENT_TARGET = 8.4;
				MTL_ENABLE_DEBUG_INFO = YES;
				ONLY_ACTIVE_ARCH = YES;
				SDKROOT = iphoneos;
				SWIFT_OPTIMIZATION_LEVEL = "-Onone";
			};
			name = Debug;
		};
		B90C692A1BA1D66E00192C7D /* Release */ = {
			isa = XCBuildConfiguration;
			buildSettings = {
				ALWAYS_SEARCH_USER_PATHS = NO;
				CLANG_CXX_LANGUAGE_STANDARD = "gnu++0x";
				CLANG_CXX_LIBRARY = "libc++";
				CLANG_ENABLE_MODULES = YES;
				CLANG_ENABLE_OBJC_ARC = YES;
				CLANG_WARN_BOOL_CONVERSION = YES;
				CLANG_WARN_CONSTANT_CONVERSION = YES;
				CLANG_WARN_DIRECT_OBJC_ISA_USAGE = YES_ERROR;
				CLANG_WARN_EMPTY_BODY = YES;
				CLANG_WARN_ENUM_CONVERSION = YES;
				CLANG_WARN_INT_CONVERSION = YES;
				CLANG_WARN_OBJC_ROOT_CLASS = YES_ERROR;
				CLANG_WARN_UNREACHABLE_CODE = YES;
				CLANG_WARN__DUPLICATE_METHOD_MATCH = YES;
				"CODE_SIGN_IDENTITY[sdk=iphoneos*]" = "iPhone Developer";
				COPY_PHASE_STRIP = NO;
				DEBUG_INFORMATION_FORMAT = "dwarf-with-dsym";
				ENABLE_NS_ASSERTIONS = NO;
				ENABLE_STRICT_OBJC_MSGSEND = YES;
				GCC_C_LANGUAGE_STANDARD = gnu99;
				GCC_NO_COMMON_BLOCKS = YES;
				GCC_WARN_64_TO_32_BIT_CONVERSION = YES;
				GCC_WARN_ABOUT_RETURN_TYPE = YES_ERROR;
				GCC_WARN_UNDECLARED_SELECTOR = YES;
				GCC_WARN_UNINITIALIZED_AUTOS = YES_AGGRESSIVE;
				GCC_WARN_UNUSED_FUNCTION = YES;
				GCC_WARN_UNUSED_VARIABLE = YES;
				IPHONEOS_DEPLOYMENT_TARGET = 8.4;
				MTL_ENABLE_DEBUG_INFO = NO;
				SDKROOT = iphoneos;
				VALIDATE_PRODUCT = YES;
			};
			name = Release;
		};
		B90C692C1BA1D66E00192C7D /* Debug */ = {
			isa = XCBuildConfiguration;
			buildSettings = {
				ASSETCATALOG_COMPILER_APPICON_NAME = AppIcon;
				INFOPLIST_FILE = SuperDivertido/Info.plist;
				LD_RUNPATH_SEARCH_PATHS = "$(inherited) @executable_path/Frameworks";
				PRODUCT_NAME = "$(TARGET_NAME)";
			};
			name = Debug;
		};
		B90C692D1BA1D66E00192C7D /* Release */ = {
			isa = XCBuildConfiguration;
			buildSettings = {
				ASSETCATALOG_COMPILER_APPICON_NAME = AppIcon;
				INFOPLIST_FILE = SuperDivertido/Info.plist;
				LD_RUNPATH_SEARCH_PATHS = "$(inherited) @executable_path/Frameworks";
				PRODUCT_NAME = "$(TARGET_NAME)";
			};
			name = Release;
		};
		B90C692F1BA1D66E00192C7D /* Debug */ = {
			isa = XCBuildConfiguration;
			buildSettings = {
				BUNDLE_LOADER = "$(TEST_HOST)";
				FRAMEWORK_SEARCH_PATHS = (
					"$(SDKROOT)/Developer/Library/Frameworks",
					"$(inherited)",
				);
				GCC_PREPROCESSOR_DEFINITIONS = (
					"DEBUG=1",
					"$(inherited)",
				);
				INFOPLIST_FILE = SuperDivertidoTests/Info.plist;
				LD_RUNPATH_SEARCH_PATHS = "$(inherited) @executable_path/Frameworks @loader_path/Frameworks";
				PRODUCT_NAME = "$(TARGET_NAME)";
				TEST_HOST = "$(BUILT_PRODUCTS_DIR)/SuperDivertido.app/SuperDivertido";
			};
			name = Debug;
		};
		B90C69301BA1D66E00192C7D /* Release */ = {
			isa = XCBuildConfiguration;
			buildSettings = {
				BUNDLE_LOADER = "$(TEST_HOST)";
				FRAMEWORK_SEARCH_PATHS = (
					"$(SDKROOT)/Developer/Library/Frameworks",
					"$(inherited)",
				);
				INFOPLIST_FILE = SuperDivertidoTests/Info.plist;
				LD_RUNPATH_SEARCH_PATHS = "$(inherited) @executable_path/Frameworks @loader_path/Frameworks";
				PRODUCT_NAME = "$(TARGET_NAME)";
				TEST_HOST = "$(BUILT_PRODUCTS_DIR)/SuperDivertido.app/SuperDivertido";
			};
			name = Release;
		};
/* End XCBuildConfiguration section */

/* Begin XCConfigurationList section */
		B90C69071BA1D66D00192C7D /* Build configuration list for PBXProject "SuperDivertido" */ = {
			isa = XCConfigurationList;
			buildConfigurations = (
				B90C69291BA1D66E00192C7D /* Debug */,
				B90C692A1BA1D66E00192C7D /* Release */,
			);
			defaultConfigurationIsVisible = 0;
			defaultConfigurationName = Release;
		};
		B90C692B1BA1D66E00192C7D /* Build configuration list for PBXNativeTarget "SuperDivertido" */ = {
			isa = XCConfigurationList;
			buildConfigurations = (
				B90C692C1BA1D66E00192C7D /* Debug */,
				B90C692D1BA1D66E00192C7D /* Release */,
			);
			defaultConfigurationIsVisible = 0;
		};
		B90C692E1BA1D66E00192C7D /* Build configuration list for PBXNativeTarget "SuperDivertidoTests" */ = {
			isa = XCConfigurationList;
			buildConfigurations = (
				B90C692F1BA1D66E00192C7D /* Debug */,
				B90C69301BA1D66E00192C7D /* Release */,
			);
			defaultConfigurationIsVisible = 0;
		};
/* End XCConfigurationList section */
	};
	rootObject = B90C69041BA1D66D00192C7D /* Project object */;
}
